// !$*UTF8*$!
{
	archiveVersion = 1;
	classes = {
	};
	objectVersion = 50;
	objects = {

/* Begin PBXBuildFile section */
		4EEB7C6B27CB217A0002DA95 /* AppDelegate.swift in Sources */ = {isa = PBXBuildFile; fileRef = 4EEB7C6A27CB217A0002DA95 /* AppDelegate.swift */; };
		4EEB7C6D27CB217A0002DA95 /* SceneDelegate.swift in Sources */ = {isa = PBXBuildFile; fileRef = 4EEB7C6C27CB217A0002DA95 /* SceneDelegate.swift */; };
		4EEB7C6F27CB217A0002DA95 /* ViewController.swift in Sources */ = {isa = PBXBuildFile; fileRef = 4EEB7C6E27CB217A0002DA95 /* ViewController.swift */; };
		4EEB7C7227CB217A0002DA95 /* Main.storyboard in Resources */ = {isa = PBXBuildFile; fileRef = 4EEB7C7027CB217A0002DA95 /* Main.storyboard */; };
		4EEB7C7427CB217D0002DA95 /* Assets.xcassets in Resources */ = {isa = PBXBuildFile; fileRef = 4EEB7C7327CB217D0002DA95 /* Assets.xcassets */; };
		4EEB7C7727CB217D0002DA95 /* LaunchScreen.storyboard in Resources */ = {isa = PBXBuildFile; fileRef = 4EEB7C7527CB217D0002DA95 /* LaunchScreen.storyboard */; };
		4EEB7C8227CB217E0002DA95 /* Parstagram_iOSTests.swift in Sources */ = {isa = PBXBuildFile; fileRef = 4EEB7C8127CB217E0002DA95 /* Parstagram_iOSTests.swift */; };
		4EEB7C8D27CB217E0002DA95 /* Parstagram_iOSUITests.swift in Sources */ = {isa = PBXBuildFile; fileRef = 4EEB7C8C27CB217E0002DA95 /* Parstagram_iOSUITests.swift */; };
/* End PBXBuildFile section */

/* Begin PBXContainerItemProxy section */
		4EEB7C7E27CB217E0002DA95 /* PBXContainerItemProxy */ = {
			isa = PBXContainerItemProxy;
			containerPortal = 4EEB7C5F27CB217A0002DA95 /* Project object */;
			proxyType = 1;
			remoteGlobalIDString = 4EEB7C6627CB217A0002DA95;
			remoteInfo = "Parstagram iOS";
		};
		4EEB7C8927CB217E0002DA95 /* PBXContainerItemProxy */ = {
			isa = PBXContainerItemProxy;
			containerPortal = 4EEB7C5F27CB217A0002DA95 /* Project object */;
			proxyType = 1;
			remoteGlobalIDString = 4EEB7C6627CB217A0002DA95;
			remoteInfo = "Parstagram iOS";
		};
/* End PBXContainerItemProxy section */

/* Begin PBXFileReference section */
		4EEB7C6727CB217A0002DA95 /* Parstagram iOS.app */ = {isa = PBXFileReference; explicitFileType = wrapper.application; includeInIndex = 0; path = "Parstagram iOS.app"; sourceTree = BUILT_PRODUCTS_DIR; };
		4EEB7C6A27CB217A0002DA95 /* AppDelegate.swift */ = {isa = PBXFileReference; lastKnownFileType = sourcecode.swift; path = AppDelegate.swift; sourceTree = "<group>"; };
		4EEB7C6C27CB217A0002DA95 /* SceneDelegate.swift */ = {isa = PBXFileReference; lastKnownFileType = sourcecode.swift; path = SceneDelegate.swift; sourceTree = "<group>"; };
		4EEB7C6E27CB217A0002DA95 /* ViewController.swift */ = {isa = PBXFileReference; lastKnownFileType = sourcecode.swift; path = ViewController.swift; sourceTree = "<group>"; };
		4EEB7C7127CB217A0002DA95 /* Base */ = {isa = PBXFileReference; lastKnownFileType = file.storyboard; name = Base; path = Base.lproj/Main.storyboard; sourceTree = "<group>"; };
		4EEB7C7327CB217D0002DA95 /* Assets.xcassets */ = {isa = PBXFileReference; lastKnownFileType = folder.assetcatalog; path = Assets.xcassets; sourceTree = "<group>"; };
		4EEB7C7627CB217D0002DA95 /* Base */ = {isa = PBXFileReference; lastKnownFileType = file.storyboard; name = Base; path = Base.lproj/LaunchScreen.storyboard; sourceTree = "<group>"; };
		4EEB7C7827CB217D0002DA95 /* Info.plist */ = {isa = PBXFileReference; lastKnownFileType = text.plist.xml; path = Info.plist; sourceTree = "<group>"; };
		4EEB7C7D27CB217E0002DA95 /* Parstagram iOSTests.xctest */ = {isa = PBXFileReference; explicitFileType = wrapper.cfbundle; includeInIndex = 0; path = "Parstagram iOSTests.xctest"; sourceTree = BUILT_PRODUCTS_DIR; };
		4EEB7C8127CB217E0002DA95 /* Parstagram_iOSTests.swift */ = {isa = PBXFileReference; lastKnownFileType = sourcecode.swift; path = Parstagram_iOSTests.swift; sourceTree = "<group>"; };
		4EEB7C8327CB217E0002DA95 /* Info.plist */ = {isa = PBXFileReference; lastKnownFileType = text.plist.xml; path = Info.plist; sourceTree = "<group>"; };
		4EEB7C8827CB217E0002DA95 /* Parstagram iOSUITests.xctest */ = {isa = PBXFileReference; explicitFileType = wrapper.cfbundle; includeInIndex = 0; path = "Parstagram iOSUITests.xctest"; sourceTree = BUILT_PRODUCTS_DIR; };
		4EEB7C8C27CB217E0002DA95 /* Parstagram_iOSUITests.swift */ = {isa = PBXFileReference; lastKnownFileType = sourcecode.swift; path = Parstagram_iOSUITests.swift; sourceTree = "<group>"; };
		4EEB7C8E27CB217E0002DA95 /* Info.plist */ = {isa = PBXFileReference; lastKnownFileType = text.plist.xml; path = Info.plist; sourceTree = "<group>"; };
/* End PBXFileReference section */

/* Begin PBXFrameworksBuildPhase section */
		4EEB7C6427CB217A0002DA95 /* Frameworks */ = {
			isa = PBXFrameworksBuildPhase;
			buildActionMask = 2147483647;
			files = (
			);
			runOnlyForDeploymentPostprocessing = 0;
		};
		4EEB7C7A27CB217E0002DA95 /* Frameworks */ = {
			isa = PBXFrameworksBuildPhase;
			buildActionMask = 2147483647;
			files = (
			);
			runOnlyForDeploymentPostprocessing = 0;
		};
		4EEB7C8527CB217E0002DA95 /* Frameworks */ = {
			isa = PBXFrameworksBuildPhase;
			buildActionMask = 2147483647;
			files = (
			);
			runOnlyForDeploymentPostprocessing = 0;
		};
/* End PBXFrameworksBuildPhase section */

/* Begin PBXGroup section */
		4EEB7C5E27CB217A0002DA95 = {
			isa = PBXGroup;
			children = (
				4EEB7C6927CB217A0002DA95 /* Parstagram iOS */,
				4EEB7C8027CB217E0002DA95 /* Parstagram iOSTests */,
				4EEB7C8B27CB217E0002DA95 /* Parstagram iOSUITests */,
				4EEB7C6827CB217A0002DA95 /* Products */,
			);
			sourceTree = "<group>";
		};
		4EEB7C6827CB217A0002DA95 /* Products */ = {
			isa = PBXGroup;
			children = (
				4EEB7C6727CB217A0002DA95 /* Parstagram iOS.app */,
				4EEB7C7D27CB217E0002DA95 /* Parstagram iOSTests.xctest */,
				4EEB7C8827CB217E0002DA95 /* Parstagram iOSUITests.xctest */,
			);
			name = Products;
			sourceTree = "<group>";
		};
		4EEB7C6927CB217A0002DA95 /* Parstagram iOS */ = {
			isa = PBXGroup;
			children = (
				4EEB7C6A27CB217A0002DA95 /* AppDelegate.swift */,
				4EEB7C6C27CB217A0002DA95 /* SceneDelegate.swift */,
				4EEB7C6E27CB217A0002DA95 /* ViewController.swift */,
				4EEB7C7027CB217A0002DA95 /* Main.storyboard */,
				4EEB7C7327CB217D0002DA95 /* Assets.xcassets */,
				4EEB7C7527CB217D0002DA95 /* LaunchScreen.storyboard */,
				4EEB7C7827CB217D0002DA95 /* Info.plist */,
			);
			path = "Parstagram iOS";
			sourceTree = "<group>";
		};
		4EEB7C8027CB217E0002DA95 /* Parstagram iOSTests */ = {
			isa = PBXGroup;
			children = (
				4EEB7C8127CB217E0002DA95 /* Parstagram_iOSTests.swift */,
				4EEB7C8327CB217E0002DA95 /* Info.plist */,
			);
			path = "Parstagram iOSTests";
			sourceTree = "<group>";
		};
		4EEB7C8B27CB217E0002DA95 /* Parstagram iOSUITests */ = {
			isa = PBXGroup;
			children = (
				4EEB7C8C27CB217E0002DA95 /* Parstagram_iOSUITests.swift */,
				4EEB7C8E27CB217E0002DA95 /* Info.plist */,
			);
			path = "Parstagram iOSUITests";
			sourceTree = "<group>";
		};
/* End PBXGroup section */

/* Begin PBXNativeTarget section */
		4EEB7C6627CB217A0002DA95 /* Parstagram iOS */ = {
			isa = PBXNativeTarget;
			buildConfigurationList = 4EEB7C9127CB217E0002DA95 /* Build configuration list for PBXNativeTarget "Parstagram iOS" */;
			buildPhases = (
				4EEB7C6327CB217A0002DA95 /* Sources */,
				4EEB7C6427CB217A0002DA95 /* Frameworks */,
				4EEB7C6527CB217A0002DA95 /* Resources */,
			);
			buildRules = (
			);
			dependencies = (
			);
			name = "Parstagram iOS";
			productName = "Parstagram iOS";
			productReference = 4EEB7C6727CB217A0002DA95 /* Parstagram iOS.app */;
			productType = "com.apple.product-type.application";
		};
		4EEB7C7C27CB217E0002DA95 /* Parstagram iOSTests */ = {
			isa = PBXNativeTarget;
			buildConfigurationList = 4EEB7C9427CB217E0002DA95 /* Build configuration list for PBXNativeTarget "Parstagram iOSTests" */;
			buildPhases = (
				4EEB7C7927CB217E0002DA95 /* Sources */,
				4EEB7C7A27CB217E0002DA95 /* Frameworks */,
				4EEB7C7B27CB217E0002DA95 /* Resources */,
			);
			buildRules = (
			);
			dependencies = (
				4EEB7C7F27CB217E0002DA95 /* PBXTargetDependency */,
			);
			name = "Parstagram iOSTests";
			productName = "Parstagram iOSTests";
			productReference = 4EEB7C7D27CB217E0002DA95 /* Parstagram iOSTests.xctest */;
			productType = "com.apple.product-type.bundle.unit-test";
		};
		4EEB7C8727CB217E0002DA95 /* Parstagram iOSUITests */ = {
			isa = PBXNativeTarget;
			buildConfigurationList = 4EEB7C9727CB217E0002DA95 /* Build configuration list for PBXNativeTarget "Parstagram iOSUITests" */;
			buildPhases = (
				4EEB7C8427CB217E0002DA95 /* Sources */,
				4EEB7C8527CB217E0002DA95 /* Frameworks */,
				4EEB7C8627CB217E0002DA95 /* Resources */,
			);
			buildRules = (
			);
			dependencies = (
				4EEB7C8A27CB217E0002DA95 /* PBXTargetDependency */,
			);
			name = "Parstagram iOSUITests";
			productName = "Parstagram iOSUITests";
			productReference = 4EEB7C8827CB217E0002DA95 /* Parstagram iOSUITests.xctest */;
			productType = "com.apple.product-type.bundle.ui-testing";
		};
/* End PBXNativeTarget section */

/* Begin PBXProject section */
		4EEB7C5F27CB217A0002DA95 /* Project object */ = {
			isa = PBXProject;
			attributes = {
				LastSwiftUpdateCheck = 1250;
				LastUpgradeCheck = 1250;
				TargetAttributes = {
					4EEB7C6627CB217A0002DA95 = {
						CreatedOnToolsVersion = 12.5.1;
					};
					4EEB7C7C27CB217E0002DA95 = {
						CreatedOnToolsVersion = 12.5.1;
						TestTargetID = 4EEB7C6627CB217A0002DA95;
					};
					4EEB7C8727CB217E0002DA95 = {
						CreatedOnToolsVersion = 12.5.1;
						TestTargetID = 4EEB7C6627CB217A0002DA95;
					};
				};
			};
			buildConfigurationList = 4EEB7C6227CB217A0002DA95 /* Build configuration list for PBXProject "Parstagram iOS" */;
			compatibilityVersion = "Xcode 9.3";
			developmentRegion = en;
			hasScannedForEncodings = 0;
			knownRegions = (
				en,
				Base,
			);
			mainGroup = 4EEB7C5E27CB217A0002DA95;
			productRefGroup = 4EEB7C6827CB217A0002DA95 /* Products */;
			projectDirPath = "";
			projectRoot = "";
			targets = (
				4EEB7C6627CB217A0002DA95 /* Parstagram iOS */,
				4EEB7C7C27CB217E0002DA95 /* Parstagram iOSTests */,
				4EEB7C8727CB217E0002DA95 /* Parstagram iOSUITests */,
			);
		};
/* End PBXProject section */

/* Begin PBXResourcesBuildPhase section */
		4EEB7C6527CB217A0002DA95 /* Resources */ = {
			isa = PBXResourcesBuildPhase;
			buildActionMask = 2147483647;
			files = (
				4EEB7C7727CB217D0002DA95 /* LaunchScreen.storyboard in Resources */,
				4EEB7C7427CB217D0002DA95 /* Assets.xcassets in Resources */,
				4EEB7C7227CB217A0002DA95 /* Main.storyboard in Resources */,
			);
			runOnlyForDeploymentPostprocessing = 0;
		};
		4EEB7C7B27CB217E0002DA95 /* Resources */ = {
			isa = PBXResourcesBuildPhase;
			buildActionMask = 2147483647;
			files = (
			);
			runOnlyForDeploymentPostprocessing = 0;
		};
		4EEB7C8627CB217E0002DA95 /* Resources */ = {
			isa = PBXResourcesBuildPhase;
			buildActionMask = 2147483647;
			files = (
			);
			runOnlyForDeploymentPostprocessing = 0;
		};
/* End PBXResourcesBuildPhase section */

/* Begin PBXSourcesBuildPhase section */
		4EEB7C6327CB217A0002DA95 /* Sources */ = {
			isa = PBXSourcesBuildPhase;
			buildActionMask = 2147483647;
			files = (
				4EEB7C6F27CB217A0002DA95 /* ViewController.swift in Sources */,
				4EEB7C6B27CB217A0002DA95 /* AppDelegate.swift in Sources */,
				4EEB7C6D27CB217A0002DA95 /* SceneDelegate.swift in Sources */,
			);
			runOnlyForDeploymentPostprocessing = 0;
		};
		4EEB7C7927CB217E0002DA95 /* Sources */ = {
			isa = PBXSourcesBuildPhase;
			buildActionMask = 2147483647;
			files = (
				4EEB7C8227CB217E0002DA95 /* Parstagram_iOSTests.swift in Sources */,
			);
			runOnlyForDeploymentPostprocessing = 0;
		};
		4EEB7C8427CB217E0002DA95 /* Sources */ = {
			isa = PBXSourcesBuildPhase;
			buildActionMask = 2147483647;
			files = (
				4EEB7C8D27CB217E0002DA95 /* Parstagram_iOSUITests.swift in Sources */,
			);
			runOnlyForDeploymentPostprocessing = 0;
		};
/* End PBXSourcesBuildPhase section */

/* Begin PBXTargetDependency section */
		4EEB7C7F27CB217E0002DA95 /* PBXTargetDependency */ = {
			isa = PBXTargetDependency;
			target = 4EEB7C6627CB217A0002DA95 /* Parstagram iOS */;
			targetProxy = 4EEB7C7E27CB217E0002DA95 /* PBXContainerItemProxy */;
		};
		4EEB7C8A27CB217E0002DA95 /* PBXTargetDependency */ = {
			isa = PBXTargetDependency;
			target = 4EEB7C6627CB217A0002DA95 /* Parstagram iOS */;
			targetProxy = 4EEB7C8927CB217E0002DA95 /* PBXContainerItemProxy */;
		};
/* End PBXTargetDependency section */

/* Begin PBXVariantGroup section */
		4EEB7C7027CB217A0002DA95 /* Main.storyboard */ = {
			isa = PBXVariantGroup;
			children = (
				4EEB7C7127CB217A0002DA95 /* Base */,
			);
			name = Main.storyboard;
			sourceTree = "<group>";
		};
		4EEB7C7527CB217D0002DA95 /* LaunchScreen.storyboard */ = {
			isa = PBXVariantGroup;
			children = (
				4EEB7C7627CB217D0002DA95 /* Base */,
			);
			name = LaunchScreen.storyboard;
			sourceTree = "<group>";
		};
/* End PBXVariantGroup section */

/* Begin XCBuildConfiguration section */
		4EEB7C8F27CB217E0002DA95 /* Debug */ = {
			isa = XCBuildConfiguration;
			buildSettings = {
				ALWAYS_SEARCH_USER_PATHS = NO;
				CLANG_ANALYZER_NONNULL = YES;
				CLANG_ANALYZER_NUMBER_OBJECT_CONVERSION = YES_AGGRESSIVE;
				CLANG_CXX_LANGUAGE_STANDARD = "gnu++14";
				CLANG_CXX_LIBRARY = "libc++";
				CLANG_ENABLE_MODULES = YES;
				CLANG_ENABLE_OBJC_ARC = YES;
				CLANG_ENABLE_OBJC_WEAK = YES;
				CLANG_WARN_BLOCK_CAPTURE_AUTORELEASING = YES;
				CLANG_WARN_BOOL_CONVERSION = YES;
				CLANG_WARN_COMMA = YES;
				CLANG_WARN_CONSTANT_CONVERSION = YES;
				CLANG_WARN_DEPRECATED_OBJC_IMPLEMENTATIONS = YES;
				CLANG_WARN_DIRECT_OBJC_ISA_USAGE = YES_ERROR;
				CLANG_WARN_DOCUMENTATION_COMMENTS = YES;
				CLANG_WARN_EMPTY_BODY = YES;
				CLANG_WARN_ENUM_CONVERSION = YES;
				CLANG_WARN_INFINITE_RECURSION = YES;
				CLANG_WARN_INT_CONVERSION = YES;
				CLANG_WARN_NON_LITERAL_NULL_CONVERSION = YES;
				CLANG_WARN_OBJC_IMPLICIT_RETAIN_SELF = YES;
				CLANG_WARN_OBJC_LITERAL_CONVERSION = YES;
				CLANG_WARN_OBJC_ROOT_CLASS = YES_ERROR;
				CLANG_WARN_QUOTED_INCLUDE_IN_FRAMEWORK_HEADER = YES;
				CLANG_WARN_RANGE_LOOP_ANALYSIS = YES;
				CLANG_WARN_STRICT_PROTOTYPES = YES;
				CLANG_WARN_SUSPICIOUS_MOVE = YES;
				CLANG_WARN_UNGUARDED_AVAILABILITY = YES_AGGRESSIVE;
				CLANG_WARN_UNREACHABLE_CODE = YES;
				CLANG_WARN__DUPLICATE_METHOD_MATCH = YES;
				COPY_PHASE_STRIP = NO;
				DEBUG_INFORMATION_FORMAT = dwarf;
				ENABLE_STRICT_OBJC_MSGSEND = YES;
				ENABLE_TESTABILITY = YES;
				GCC_C_LANGUAGE_STANDARD = gnu11;
				GCC_DYNAMIC_NO_PIC = NO;
				GCC_NO_COMMON_BLOCKS = YES;
				GCC_OPTIMIZATION_LEVEL = 0;
				GCC_PREPROCESSOR_DEFINITIONS = (
					"DEBUG=1",
					"$(inherited)",
				);
				GCC_WARN_64_TO_32_BIT_CONVERSION = YES;
				GCC_WARN_ABOUT_RETURN_TYPE = YES_ERROR;
				GCC_WARN_UNDECLARED_SELECTOR = YES;
				GCC_WARN_UNINITIALIZED_AUTOS = YES_AGGRESSIVE;
				GCC_WARN_UNUSED_FUNCTION = YES;
				GCC_WARN_UNUSED_VARIABLE = YES;
				IPHONEOS_DEPLOYMENT_TARGET = 14.5;
				MTL_ENABLE_DEBUG_INFO = INCLUDE_SOURCE;
				MTL_FAST_MATH = YES;
				ONLY_ACTIVE_ARCH = YES;
				SDKROOT = iphoneos;
				SWIFT_ACTIVE_COMPILATION_CONDITIONS = DEBUG;
				SWIFT_OPTIMIZATION_LEVEL = "-Onone";
			};
			name = Debug;
		};
		4EEB7C9027CB217E0002DA95 /* Release */ = {
			isa = XCBuildConfiguration;
			buildSettings = {
				ALWAYS_SEARCH_USER_PATHS = NO;
				CLANG_ANALYZER_NONNULL = YES;
				CLANG_ANALYZER_NUMBER_OBJECT_CONVERSION = YES_AGGRESSIVE;
				CLANG_CXX_LANGUAGE_STANDARD = "gnu++14";
				CLANG_CXX_LIBRARY = "libc++";
				CLANG_ENABLE_MODULES = YES;
				CLANG_ENABLE_OBJC_ARC = YES;
				CLANG_ENABLE_OBJC_WEAK = YES;
				CLANG_WARN_BLOCK_CAPTURE_AUTORELEASING = YES;
				CLANG_WARN_BOOL_CONVERSION = YES;
				CLANG_WARN_COMMA = YES;
				CLANG_WARN_CONSTANT_CONVERSION = YES;
				CLANG_WARN_DEPRECATED_OBJC_IMPLEMENTATIONS = YES;
				CLANG_WARN_DIRECT_OBJC_ISA_USAGE = YES_ERROR;
				CLANG_WARN_DOCUMENTATION_COMMENTS = YES;
				CLANG_WARN_EMPTY_BODY = YES;
				CLANG_WARN_ENUM_CONVERSION = YES;
				CLANG_WARN_INFINITE_RECURSION = YES;
				CLANG_WARN_INT_CONVERSION = YES;
				CLANG_WARN_NON_LITERAL_NULL_CONVERSION = YES;
				CLANG_WARN_OBJC_IMPLICIT_RETAIN_SELF = YES;
				CLANG_WARN_OBJC_LITERAL_CONVERSION = YES;
				CLANG_WARN_OBJC_ROOT_CLASS = YES_ERROR;
				CLANG_WARN_QUOTED_INCLUDE_IN_FRAMEWORK_HEADER = YES;
				CLANG_WARN_RANGE_LOOP_ANALYSIS = YES;
				CLANG_WARN_STRICT_PROTOTYPES = YES;
				CLANG_WARN_SUSPICIOUS_MOVE = YES;
				CLANG_WARN_UNGUARDED_AVAILABILITY = YES_AGGRESSIVE;
				CLANG_WARN_UNREACHABLE_CODE = YES;
				CLANG_WARN__DUPLICATE_METHOD_MATCH = YES;
				COPY_PHASE_STRIP = NO;
				DEBUG_INFORMATION_FORMAT = "dwarf-with-dsym";
				ENABLE_NS_ASSERTIONS = NO;
				ENABLE_STRICT_OBJC_MSGSEND = YES;
				GCC_C_LANGUAGE_STANDARD = gnu11;
				GCC_NO_COMMON_BLOCKS = YES;
				GCC_WARN_64_TO_32_BIT_CONVERSION = YES;
				GCC_WARN_ABOUT_RETURN_TYPE = YES_ERROR;
				GCC_WARN_UNDECLARED_SELECTOR = YES;
				GCC_WARN_UNINITIALIZED_AUTOS = YES_AGGRESSIVE;
				GCC_WARN_UNUSED_FUNCTION = YES;
				GCC_WARN_UNUSED_VARIABLE = YES;
				IPHONEOS_DEPLOYMENT_TARGET = 14.5;
				MTL_ENABLE_DEBUG_INFO = NO;
				MTL_FAST_MATH = YES;
				SDKROOT = iphoneos;
				SWIFT_COMPILATION_MODE = wholemodule;
				SWIFT_OPTIMIZATION_LEVEL = "-O";
				VALIDATE_PRODUCT = YES;
			};
			name = Release;
		};
		4EEB7C9227CB217E0002DA95 /* Debug */ = {
			isa = XCBuildConfiguration;
			buildSettings = {
				ASSETCATALOG_COMPILER_APPICON_NAME = AppIcon;
				ASSETCATALOG_COMPILER_GLOBAL_ACCENT_COLOR_NAME = AccentColor;
				CODE_SIGN_STYLE = Automatic;
				DEVELOPMENT_TEAM = 3AVWF7PNV6;
				INFOPLIST_FILE = "Parstagram iOS/Info.plist";
				LD_RUNPATH_SEARCH_PATHS = (
					"$(inherited)",
					"@executable_path/Frameworks",
				);
				PRODUCT_BUNDLE_IDENTIFIER = "com.lorenzo.miro.sd.Parstagram-iOS";
				PRODUCT_NAME = "$(TARGET_NAME)";
				SWIFT_VERSION = 5.0;
				TARGETED_DEVICE_FAMILY = "1,2";
			};
			name = Debug;
		};
		4EEB7C9327CB217E0002DA95 /* Release */ = {
			isa = XCBuildConfiguration;
			buildSettings = {
				ASSETCATALOG_COMPILER_APPICON_NAME = AppIcon;
				ASSETCATALOG_COMPILER_GLOBAL_ACCENT_COLOR_NAME = AccentColor;
				CODE_SIGN_STYLE = Automatic;
				DEVELOPMENT_TEAM = 3AVWF7PNV6;
				INFOPLIST_FILE = "Parstagram iOS/Info.plist";
				LD_RUNPATH_SEARCH_PATHS = (
					"$(inherited)",
					"@executable_path/Frameworks",
				);
				PRODUCT_BUNDLE_IDENTIFIER = "com.lorenzo.miro.sd.Parstagram-iOS";
				PRODUCT_NAME = "$(TARGET_NAME)";
				SWIFT_VERSION = 5.0;
				TARGETED_DEVICE_FAMILY = "1,2";
			};
			name = Release;
		};
		4EEB7C9527CB217E0002DA95 /* Debug */ = {
			isa = XCBuildConfiguration;
			buildSettings = {
				ALWAYS_EMBED_SWIFT_STANDARD_LIBRARIES = YES;
				BUNDLE_LOADER = "$(TEST_HOST)";
				CODE_SIGN_STYLE = Automatic;
				DEVELOPMENT_TEAM = 3AVWF7PNV6;
				INFOPLIST_FILE = "Parstagram iOSTests/Info.plist";
				IPHONEOS_DEPLOYMENT_TARGET = 14.5;
				LD_RUNPATH_SEARCH_PATHS = (
					"$(inherited)",
					"@executable_path/Frameworks",
					"@loader_path/Frameworks",
				);
				PRODUCT_BUNDLE_IDENTIFIER = "com.lorenzo.miro.sd.Parstagram-iOSTests";
				PRODUCT_NAME = "$(TARGET_NAME)";
				SWIFT_VERSION = 5.0;
				TARGETED_DEVICE_FAMILY = "1,2";
				TEST_HOST = "$(BUILT_PRODUCTS_DIR)/Parstagram iOS.app/Parstagram iOS";
			};
			name = Debug;
		};
		4EEB7C9627CB217E0002DA95 /* Release */ = {
			isa = XCBuildConfiguration;
			buildSettings = {
				ALWAYS_EMBED_SWIFT_STANDARD_LIBRARIES = YES;
				BUNDLE_LOADER = "$(TEST_HOST)";
				CODE_SIGN_STYLE = Automatic;
				DEVELOPMENT_TEAM = 3AVWF7PNV6;
				INFOPLIST_FILE = "Parstagram iOSTests/Info.plist";
				IPHONEOS_DEPLOYMENT_TARGET = 14.5;
				LD_RUNPATH_SEARCH_PATHS = (
					"$(inherited)",
					"@executable_path/Frameworks",
					"@loader_path/Frameworks",
				);
				PRODUCT_BUNDLE_IDENTIFIER = "com.lorenzo.miro.sd.Parstagram-iOSTests";
				PRODUCT_NAME = "$(TARGET_NAME)";
				SWIFT_VERSION = 5.0;
				TARGETED_DEVICE_FAMILY = "1,2";
				TEST_HOST = "$(BUILT_PRODUCTS_DIR)/Parstagram iOS.app/Parstagram iOS";
			};
			name = Release;
		};
		4EEB7C9827CB217E0002DA95 /* Debug */ = {
			isa = XCBuildConfiguration;
			buildSettings = {
				ALWAYS_EMBED_SWIFT_STANDARD_LIBRARIES = YES;
				CODE_SIGN_STYLE = Automatic;
				DEVELOPMENT_TEAM = 3AVWF7PNV6;
				INFOPLIST_FILE = "Parstagram iOSUITests/Info.plist";
				LD_RUNPATH_SEARCH_PATHS = (
					"$(inherited)",
					"@executable_path/Frameworks",
					"@loader_path/Frameworks",
				);
				PRODUCT_BUNDLE_IDENTIFIER = "com.lorenzo.miro.sd.Parstagram-iOSUITests";
				PRODUCT_NAME = "$(TARGET_NAME)";
				SWIFT_VERSION = 5.0;
				TARGETED_DEVICE_FAMILY = "1,2";
				TEST_TARGET_NAME = "Parstagram iOS";
			};
			name = Debug;
		};
		4EEB7C9927CB217E0002DA95 /* Release */ = {
			isa = XCBuildConfiguration;
			buildSettings = {
				ALWAYS_EMBED_SWIFT_STANDARD_LIBRARIES = YES;
				CODE_SIGN_STYLE = Automatic;
				DEVELOPMENT_TEAM = 3AVWF7PNV6;
				INFOPLIST_FILE = "Parstagram iOSUITests/Info.plist";
				LD_RUNPATH_SEARCH_PATHS = (
					"$(inherited)",
					"@executable_path/Frameworks",
					"@loader_path/Frameworks",
				);
				PRODUCT_BUNDLE_IDENTIFIER = "com.lorenzo.miro.sd.Parstagram-iOSUITests";
				PRODUCT_NAME = "$(TARGET_NAME)";
				SWIFT_VERSION = 5.0;
				TARGETED_DEVICE_FAMILY = "1,2";
				TEST_TARGET_NAME = "Parstagram iOS";
			};
			name = Release;
		};
/* End XCBuildConfiguration section */

/* Begin XCConfigurationList section */
		4EEB7C6227CB217A0002DA95 /* Build configuration list for PBXProject "Parstagram iOS" */ = {
			isa = XCConfigurationList;
			buildConfigurations = (
				4EEB7C8F27CB217E0002DA95 /* Debug */,
				4EEB7C9027CB217E0002DA95 /* Release */,
			);
			defaultConfigurationIsVisible = 0;
			defaultConfigurationName = Release;
		};
		4EEB7C9127CB217E0002DA95 /* Build configuration list for PBXNativeTarget "Parstagram iOS" */ = {
			isa = XCConfigurationList;
			buildConfigurations = (
				4EEB7C9227CB217E0002DA95 /* Debug */,
				4EEB7C9327CB217E0002DA95 /* Release */,
			);
			defaultConfigurationIsVisible = 0;
			defaultConfigurationName = Release;
		};
		4EEB7C9427CB217E0002DA95 /* Build configuration list for PBXNativeTarget "Parstagram iOSTests" */ = {
			isa = XCConfigurationList;
			buildConfigurations = (
				4EEB7C9527CB217E0002DA95 /* Debug */,
				4EEB7C9627CB217E0002DA95 /* Release */,
			);
			defaultConfigurationIsVisible = 0;
			defaultConfigurationName = Release;
		};
		4EEB7C9727CB217E0002DA95 /* Build configuration list for PBXNativeTarget "Parstagram iOSUITests" */ = {
			isa = XCConfigurationList;
			buildConfigurations = (
				4EEB7C9827CB217E0002DA95 /* Debug */,
				4EEB7C9927CB217E0002DA95 /* Release */,
			);
			defaultConfigurationIsVisible = 0;
			defaultConfigurationName = Release;
		};
/* End XCConfigurationList section */
	};
	rootObject = 4EEB7C5F27CB217A0002DA95 /* Project object */;
}
